// !$*UTF8*$!
{
	archiveVersion = 1;
	classes = {
	};
	objectVersion = 46;
	objects = {

/* Begin PBXBuildFile section */
		BD35CD1D1C6D2EB0004CB7B6 /* TweetDetailViewController.swift in Sources */ = {isa = PBXBuildFile; fileRef = BD35CD1C1C6D2EB0004CB7B6 /* TweetDetailViewController.swift */; };
		BD35CD401C6D9EC1004CB7B6 /* CreateTweetViewController.swift in Sources */ = {isa = PBXBuildFile; fileRef = BD35CD3F1C6D9EC1004CB7B6 /* CreateTweetViewController.swift */; };
		BD4572461C66A2C10081C5C2 /* AppDelegate.swift in Sources */ = {isa = PBXBuildFile; fileRef = BD4572451C66A2C10081C5C2 /* AppDelegate.swift */; };
		BD4572481C66A2C10081C5C2 /* LoginViewController.swift in Sources */ = {isa = PBXBuildFile; fileRef = BD4572471C66A2C10081C5C2 /* LoginViewController.swift */; };
		BD45724B1C66A2C10081C5C2 /* Main.storyboard in Resources */ = {isa = PBXBuildFile; fileRef = BD4572491C66A2C10081C5C2 /* Main.storyboard */; };
		BD45724D1C66A2C10081C5C2 /* Assets.xcassets in Resources */ = {isa = PBXBuildFile; fileRef = BD45724C1C66A2C10081C5C2 /* Assets.xcassets */; };
		BD4572501C66A2C10081C5C2 /* LaunchScreen.storyboard in Resources */ = {isa = PBXBuildFile; fileRef = BD45724E1C66A2C10081C5C2 /* LaunchScreen.storyboard */; };
		BD58A97B1C684CD400A13075 /* User.swift in Sources */ = {isa = PBXBuildFile; fileRef = BD58A97A1C684CD400A13075 /* User.swift */; };
		BD58A97D1C684CDE00A13075 /* Tweet.swift in Sources */ = {isa = PBXBuildFile; fileRef = BD58A97C1C684CDE00A13075 /* Tweet.swift */; };
		BD58A97F1C69481400A13075 /* TweetsViewController.swift in Sources */ = {isa = PBXBuildFile; fileRef = BD58A97E1C69481400A13075 /* TweetsViewController.swift */; };
		BD58A9851C6952A700A13075 /* TweetCell.swift in Sources */ = {isa = PBXBuildFile; fileRef = BD58A9841C6952A700A13075 /* TweetCell.swift */; };
		BD8243D31C70309A004A05DA /* ProfileViewController.swift in Sources */ = {isa = PBXBuildFile; fileRef = BD8243D21C70309A004A05DA /* ProfileViewController.swift */; };
		BDFE548A1C67AE130040B038 /* TwitterClient.swift in Sources */ = {isa = PBXBuildFile; fileRef = BDFE54891C67AE130040B038 /* TwitterClient.swift */; };
		ECF8F5FF1D34925699632870 /* Pods_Twitter.framework in Frameworks */ = {isa = PBXBuildFile; fileRef = A036BC10E81BFA48D216681B /* Pods_Twitter.framework */; };
/* End PBXBuildFile section */

/* Begin PBXFileReference section */
		541FBB286D8FB0ADEE5CFA9D /* Pods-Twitter.debug.xcconfig */ = {isa = PBXFileReference; includeInIndex = 1; lastKnownFileType = text.xcconfig; name = "Pods-Twitter.debug.xcconfig"; path = "Pods/Target Support Files/Pods-Twitter/Pods-Twitter.debug.xcconfig"; sourceTree = "<group>"; };
		808D13401A505976E8F52A0A /* Pods-Twitter.release.xcconfig */ = {isa = PBXFileReference; includeInIndex = 1; lastKnownFileType = text.xcconfig; name = "Pods-Twitter.release.xcconfig"; path = "Pods/Target Support Files/Pods-Twitter/Pods-Twitter.release.xcconfig"; sourceTree = "<group>"; };
		A036BC10E81BFA48D216681B /* Pods_Twitter.framework */ = {isa = PBXFileReference; explicitFileType = wrapper.framework; includeInIndex = 0; path = Pods_Twitter.framework; sourceTree = BUILT_PRODUCTS_DIR; };
		BD35CD1C1C6D2EB0004CB7B6 /* TweetDetailViewController.swift */ = {isa = PBXFileReference; fileEncoding = 4; lastKnownFileType = sourcecode.swift; path = TweetDetailViewController.swift; sourceTree = "<group>"; };
		BD35CD3F1C6D9EC1004CB7B6 /* CreateTweetViewController.swift */ = {isa = PBXFileReference; fileEncoding = 4; lastKnownFileType = sourcecode.swift; path = CreateTweetViewController.swift; sourceTree = "<group>"; };
		BD4572421C66A2C10081C5C2 /* Twitter.app */ = {isa = PBXFileReference; explicitFileType = wrapper.application; includeInIndex = 0; path = Twitter.app; sourceTree = BUILT_PRODUCTS_DIR; };
		BD4572451C66A2C10081C5C2 /* AppDelegate.swift */ = {isa = PBXFileReference; lastKnownFileType = sourcecode.swift; path = AppDelegate.swift; sourceTree = "<group>"; };
		BD4572471C66A2C10081C5C2 /* LoginViewController.swift */ = {isa = PBXFileReference; lastKnownFileType = sourcecode.swift; path = LoginViewController.swift; sourceTree = "<group>"; };
		BD45724A1C66A2C10081C5C2 /* Base */ = {isa = PBXFileReference; lastKnownFileType = file.storyboard; name = Base; path = Base.lproj/Main.storyboard; sourceTree = "<group>"; };
		BD45724C1C66A2C10081C5C2 /* Assets.xcassets */ = {isa = PBXFileReference; lastKnownFileType = folder.assetcatalog; path = Assets.xcassets; sourceTree = "<group>"; };
		BD45724F1C66A2C10081C5C2 /* Base */ = {isa = PBXFileReference; lastKnownFileType = file.storyboard; name = Base; path = Base.lproj/LaunchScreen.storyboard; sourceTree = "<group>"; };
		BD4572511C66A2C10081C5C2 /* Info.plist */ = {isa = PBXFileReference; lastKnownFileType = text.plist.xml; path = Info.plist; sourceTree = "<group>"; };
		BD58A97A1C684CD400A13075 /* User.swift */ = {isa = PBXFileReference; fileEncoding = 4; lastKnownFileType = sourcecode.swift; path = User.swift; sourceTree = "<group>"; };
		BD58A97C1C684CDE00A13075 /* Tweet.swift */ = {isa = PBXFileReference; fileEncoding = 4; lastKnownFileType = sourcecode.swift; path = Tweet.swift; sourceTree = "<group>"; };
		BD58A97E1C69481400A13075 /* TweetsViewController.swift */ = {isa = PBXFileReference; fileEncoding = 4; lastKnownFileType = sourcecode.swift; path = TweetsViewController.swift; sourceTree = "<group>"; };
		BD58A9841C6952A700A13075 /* TweetCell.swift */ = {isa = PBXFileReference; fileEncoding = 4; lastKnownFileType = sourcecode.swift; path = TweetCell.swift; sourceTree = "<group>"; };
		BD8243D21C70309A004A05DA /* ProfileViewController.swift */ = {isa = PBXFileReference; fileEncoding = 4; lastKnownFileType = sourcecode.swift; path = ProfileViewController.swift; sourceTree = "<group>"; };
		BDFE54861C67ACE00040B038 /* Twitter-Bridging-Header.h */ = {isa = PBXFileReference; lastKnownFileType = sourcecode.c.h; path = "Twitter-Bridging-Header.h"; sourceTree = "<group>"; };
		BDFE54891C67AE130040B038 /* TwitterClient.swift */ = {isa = PBXFileReference; fileEncoding = 4; lastKnownFileType = sourcecode.swift; path = TwitterClient.swift; sourceTree = "<group>"; };
/* End PBXFileReference section */

/* Begin PBXFrameworksBuildPhase section */
		BD45723F1C66A2C10081C5C2 /* Frameworks */ = {
			isa = PBXFrameworksBuildPhase;
			buildActionMask = 2147483647;
			files = (
				ECF8F5FF1D34925699632870 /* Pods_Twitter.framework in Frameworks */,
			);
			runOnlyForDeploymentPostprocessing = 0;
		};
/* End PBXFrameworksBuildPhase section */

/* Begin PBXGroup section */
		62EF0F73A13E374A3F43496F /* Frameworks */ = {
			isa = PBXGroup;
			children = (
				A036BC10E81BFA48D216681B /* Pods_Twitter.framework */,
			);
			name = Frameworks;
			sourceTree = "<group>";
		};
		BD35CD1B1C6D2D56004CB7B6 /* ViewControllers */ = {
			isa = PBXGroup;
			children = (
				BD4572471C66A2C10081C5C2 /* LoginViewController.swift */,
				BD58A97E1C69481400A13075 /* TweetsViewController.swift */,
				BD35CD1C1C6D2EB0004CB7B6 /* TweetDetailViewController.swift */,
				BD35CD3F1C6D9EC1004CB7B6 /* CreateTweetViewController.swift */,
				BD8243D21C70309A004A05DA /* ProfileViewController.swift */,
			);
			name = ViewControllers;
			sourceTree = "<group>";
		};
		BD4572391C66A2C10081C5C2 = {
			isa = PBXGroup;
			children = (
				BD4572441C66A2C10081C5C2 /* Twitter */,
				BD4572431C66A2C10081C5C2 /* Products */,
				E2BA9FE01966D854B6F3A521 /* Pods */,
				62EF0F73A13E374A3F43496F /* Frameworks */,
				BDFE54861C67ACE00040B038 /* Twitter-Bridging-Header.h */,
			);
			sourceTree = "<group>";
		};
		BD4572431C66A2C10081C5C2 /* Products */ = {
			isa = PBXGroup;
			children = (
				BD4572421C66A2C10081C5C2 /* Twitter.app */,
			);
			name = Products;
			sourceTree = "<group>";
		};
		BD4572441C66A2C10081C5C2 /* Twitter */ = {
			isa = PBXGroup;
			children = (
				BD35CD1B1C6D2D56004CB7B6 /* ViewControllers */,
				BD906B6C1C66B4EE006B3659 /* API */,
				BD58A9791C684CB000A13075 /* Models */,
				BD4572451C66A2C10081C5C2 /* AppDelegate.swift */,
				BD4572491C66A2C10081C5C2 /* Main.storyboard */,
				BD45724C1C66A2C10081C5C2 /* Assets.xcassets */,
				BD45724E1C66A2C10081C5C2 /* LaunchScreen.storyboard */,
				BD4572511C66A2C10081C5C2 /* Info.plist */,
				BD58A9841C6952A700A13075 /* TweetCell.swift */,
			);
			path = Twitter;
			sourceTree = "<group>";
		};
		BD58A9791C684CB000A13075 /* Models */ = {
			isa = PBXGroup;
			children = (
				BD58A97A1C684CD400A13075 /* User.swift */,
				BD58A97C1C684CDE00A13075 /* Tweet.swift */,
			);
			name = Models;
			sourceTree = "<group>";
		};
		BD906B6C1C66B4EE006B3659 /* API */ = {
			isa = PBXGroup;
			children = (
				BDFE54891C67AE130040B038 /* TwitterClient.swift */,
			);
			name = API;
			sourceTree = "<group>";
		};
		E2BA9FE01966D854B6F3A521 /* Pods */ = {
			isa = PBXGroup;
			children = (
				541FBB286D8FB0ADEE5CFA9D /* Pods-Twitter.debug.xcconfig */,
				808D13401A505976E8F52A0A /* Pods-Twitter.release.xcconfig */,
			);
			name = Pods;
			sourceTree = "<group>";
		};
/* End PBXGroup section */

/* Begin PBXNativeTarget section */
		BD4572411C66A2C10081C5C2 /* Twitter */ = {
			isa = PBXNativeTarget;
			buildConfigurationList = BD4572541C66A2C10081C5C2 /* Build configuration list for PBXNativeTarget "Twitter" */;
			buildPhases = (
				061848F2D6B468FC29231709 /* Check Pods Manifest.lock */,
				BD45723E1C66A2C10081C5C2 /* Sources */,
				BD45723F1C66A2C10081C5C2 /* Frameworks */,
				BD4572401C66A2C10081C5C2 /* Resources */,
				69B0AC06DA7AD36BC1FD5A1C /* Embed Pods Frameworks */,
				E8C318749E4C530ED65B9B74 /* Copy Pods Resources */,
			);
			buildRules = (
			);
			dependencies = (
			);
			name = Twitter;
			productName = Twitter;
			productReference = BD4572421C66A2C10081C5C2 /* Twitter.app */;
			productType = "com.apple.product-type.application";
		};
/* End PBXNativeTarget section */

/* Begin PBXProject section */
		BD45723A1C66A2C10081C5C2 /* Project object */ = {
			isa = PBXProject;
			attributes = {
				LastSwiftUpdateCheck = 0720;
				LastUpgradeCheck = 0720;
				ORGANIZATIONNAME = "Martynas Kausas";
				TargetAttributes = {
					BD4572411C66A2C10081C5C2 = {
						CreatedOnToolsVersion = 7.2;
					};
				};
			};
			buildConfigurationList = BD45723D1C66A2C10081C5C2 /* Build configuration list for PBXProject "Twitter" */;
			compatibilityVersion = "Xcode 3.2";
			developmentRegion = English;
			hasScannedForEncodings = 0;
			knownRegions = (
				en,
				Base,
			);
			mainGroup = BD4572391C66A2C10081C5C2;
			productRefGroup = BD4572431C66A2C10081C5C2 /* Products */;
			projectDirPath = "";
			projectRoot = "";
			targets = (
				BD4572411C66A2C10081C5C2 /* Twitter */,
			);
		};
/* End PBXProject section */

/* Begin PBXResourcesBuildPhase section */
		BD4572401C66A2C10081C5C2 /* Resources */ = {
			isa = PBXResourcesBuildPhase;
			buildActionMask = 2147483647;
			files = (
				BD4572501C66A2C10081C5C2 /* LaunchScreen.storyboard in Resources */,
				BD45724D1C66A2C10081C5C2 /* Assets.xcassets in Resources */,
				BD45724B1C66A2C10081C5C2 /* Main.storyboard in Resources */,
			);
			runOnlyForDeploymentPostprocessing = 0;
		};
/* End PBXResourcesBuildPhase section */

/* Begin PBXShellScriptBuildPhase section */
		061848F2D6B468FC29231709 /* Check Pods Manifest.lock */ = {
			isa = PBXShellScriptBuildPhase;
			buildActionMask = 2147483647;
			files = (
			);
			inputPaths = (
			);
			name = "Check Pods Manifest.lock";
			outputPaths = (
			);
			runOnlyForDeploymentPostprocessing = 0;
			shellPath = /bin/sh;
			shellScript = "diff \"${PODS_ROOT}/../Podfile.lock\" \"${PODS_ROOT}/Manifest.lock\" > /dev/null\nif [[ $? != 0 ]] ; then\n    cat << EOM\nerror: The sandbox is not in sync with the Podfile.lock. Run 'pod install' or update your CocoaPods installation.\nEOM\n    exit 1\nfi\n";
			showEnvVarsInLog = 0;
		};
		69B0AC06DA7AD36BC1FD5A1C /* Embed Pods Frameworks */ = {
			isa = PBXShellScriptBuildPhase;
			buildActionMask = 2147483647;
			files = (
			);
			inputPaths = (
			);
			name = "Embed Pods Frameworks";
			outputPaths = (
			);
			runOnlyForDeploymentPostprocessing = 0;
			shellPath = /bin/sh;
			shellScript = "\"${SRCROOT}/Pods/Target Support Files/Pods-Twitter/Pods-Twitter-frameworks.sh\"\n";
			showEnvVarsInLog = 0;
		};
		E8C318749E4C530ED65B9B74 /* Copy Pods Resources */ = {
			isa = PBXShellScriptBuildPhase;
			buildActionMask = 2147483647;
			files = (
			);
			inputPaths = (
			);
			name = "Copy Pods Resources";
			outputPaths = (
			);
			runOnlyForDeploymentPostprocessing = 0;
			shellPath = /bin/sh;
			shellScript = "\"${SRCROOT}/Pods/Target Support Files/Pods-Twitter/Pods-Twitter-resources.sh\"\n";
			showEnvVarsInLog = 0;
		};
/* End PBXShellScriptBuildPhase section */

/* Begin PBXSourcesBuildPhase section */
		BD45723E1C66A2C10081C5C2 /* Sources */ = {
			isa = PBXSourcesBuildPhase;
			buildActionMask = 2147483647;
			files = (
				BD58A97B1C684CD400A13075 /* User.swift in Sources */,
				BD58A9851C6952A700A13075 /* TweetCell.swift in Sources */,
				BD8243D31C70309A004A05DA /* ProfileViewController.swift in Sources */,
				BD58A97D1C684CDE00A13075 /* Tweet.swift in Sources */,
				BD58A97F1C69481400A13075 /* TweetsViewController.swift in Sources */,
				BD35CD401C6D9EC1004CB7B6 /* CreateTweetViewController.swift in Sources */,
				BD4572481C66A2C10081C5C2 /* LoginViewController.swift in Sources */,
				BD35CD1D1C6D2EB0004CB7B6 /* TweetDetailViewController.swift in Sources */,
				BDFE548A1C67AE130040B038 /* TwitterClient.swift in Sources */,
				BD4572461C66A2C10081C5C2 /* AppDelegate.swift in Sources */,
			);
			runOnlyForDeploymentPostprocessing = 0;
		};
/* End PBXSourcesBuildPhase section */

/* Begin PBXVariantGroup section */
		BD4572491C66A2C10081C5C2 /* Main.storyboard */ = {
			isa = PBXVariantGroup;
			children = (
				BD45724A1C66A2C10081C5C2 /* Base */,
			);
			name = Main.storyboard;
			sourceTree = "<group>";
		};
		BD45724E1C66A2C10081C5C2 /* LaunchScreen.storyboard */ = {
			isa = PBXVariantGroup;
			children = (
				BD45724F1C66A2C10081C5C2 /* Base */,
			);
			name = LaunchScreen.storyboard;
			sourceTree = "<group>";
		};
/* End PBXVariantGroup section */

/* Begin XCBuildConfiguration section */
		BD4572521C66A2C10081C5C2 /* Debug */ = {
			isa = XCBuildConfiguration;
			buildSettings = {
				ALWAYS_SEARCH_USER_PATHS = NO;
				CLANG_CXX_LANGUAGE_STANDARD = "gnu++0x";
				CLANG_CXX_LIBRARY = "libc++";
				CLANG_ENABLE_MODULES = YES;
				CLANG_ENABLE_OBJC_ARC = YES;
				CLANG_WARN_BOOL_CONVERSION = YES;
				CLANG_WARN_CONSTANT_CONVERSION = YES;
				CLANG_WARN_DIRECT_OBJC_ISA_USAGE = YES_ERROR;
				CLANG_WARN_EMPTY_BODY = YES;
				CLANG_WARN_ENUM_CONVERSION = YES;
				CLANG_WARN_INT_CONVERSION = YES;
				CLANG_WARN_OBJC_ROOT_CLASS = YES_ERROR;
				CLANG_WARN_UNREACHABLE_CODE = YES;
				CLANG_WARN__DUPLICATE_METHOD_MATCH = YES;
				"CODE_SIGN_IDENTITY[sdk=iphoneos*]" = "iPhone Developer";
				COPY_PHASE_STRIP = NO;
				DEBUG_INFORMATION_FORMAT = dwarf;
				ENABLE_STRICT_OBJC_MSGSEND = YES;
				ENABLE_TESTABILITY = YES;
				GCC_C_LANGUAGE_STANDARD = gnu99;
				GCC_DYNAMIC_NO_PIC = NO;
				GCC_NO_COMMON_BLOCKS = YES;
				GCC_OPTIMIZATION_LEVEL = 0;
				GCC_PREPROCESSOR_DEFINITIONS = (
					"DEBUG=1",
					"$(inherited)",
				);
				GCC_WARN_64_TO_32_BIT_CONVERSION = YES;
				GCC_WARN_ABOUT_RETURN_TYPE = YES_ERROR;
				GCC_WARN_UNDECLARED_SELECTOR = YES;
				GCC_WARN_UNINITIALIZED_AUTOS = YES_AGGRESSIVE;
				GCC_WARN_UNUSED_FUNCTION = YES;
				GCC_WARN_UNUSED_VARIABLE = YES;
				IPHONEOS_DEPLOYMENT_TARGET = 9.2;
				MTL_ENABLE_DEBUG_INFO = YES;
				ONLY_ACTIVE_ARCH = YES;
				SDKROOT = iphoneos;
				SWIFT_OPTIMIZATION_LEVEL = "-Onone";
			};
			name = Debug;
		};
		BD4572531C66A2C10081C5C2 /* Release */ = {
			isa = XCBuildConfiguration;
			buildSettings = {
				ALWAYS_SEARCH_USER_PATHS = NO;
				CLANG_CXX_LANGUAGE_STANDARD = "gnu++0x";
				CLANG_CXX_LIBRARY = "libc++";
				CLANG_ENABLE_MODULES = YES;
				CLANG_ENABLE_OBJC_ARC = YES;
				CLANG_WARN_BOOL_CONVERSION = YES;
				CLANG_WARN_CONSTANT_CONVERSION = YES;
				CLANG_WARN_DIRECT_OBJC_ISA_USAGE = YES_ERROR;
				CLANG_WARN_EMPTY_BODY = YES;
				CLANG_WARN_ENUM_CONVERSION = YES;
				CLANG_WARN_INT_CONVERSION = YES;
				CLANG_WARN_OBJC_ROOT_CLASS = YES_ERROR;
				CLANG_WARN_UNREACHABLE_CODE = YES;
				CLANG_WARN__DUPLICATE_METHOD_MATCH = YES;
				"CODE_SIGN_IDENTITY[sdk=iphoneos*]" = "iPhone Developer";
				COPY_PHASE_STRIP = NO;
				DEBUG_INFORMATION_FORMAT = "dwarf-with-dsym";
				ENABLE_NS_ASSERTIONS = NO;
				ENABLE_STRICT_OBJC_MSGSEND = YES;
				GCC_C_LANGUAGE_STANDARD = gnu99;
				GCC_NO_COMMON_BLOCKS = YES;
				GCC_WARN_64_TO_32_BIT_CONVERSION = YES;
				GCC_WARN_ABOUT_RETURN_TYPE = YES_ERROR;
				GCC_WARN_UNDECLARED_SELECTOR = YES;
				GCC_WARN_UNINITIALIZED_AUTOS = YES_AGGRESSIVE;
				GCC_WARN_UNUSED_FUNCTION = YES;
				GCC_WARN_UNUSED_VARIABLE = YES;
				IPHONEOS_DEPLOYMENT_TARGET = 9.2;
				MTL_ENABLE_DEBUG_INFO = NO;
				SDKROOT = iphoneos;
				VALIDATE_PRODUCT = YES;
			};
			name = Release;
		};
		BD4572551C66A2C10081C5C2 /* Debug */ = {
			isa = XCBuildConfiguration;
			baseConfigurationReference = 541FBB286D8FB0ADEE5CFA9D /* Pods-Twitter.debug.xcconfig */;
			buildSettings = {
				ASSETCATALOG_COMPILER_APPICON_NAME = AppIcon;
				CLANG_ENABLE_MODULES = YES;
				INFOPLIST_FILE = Twitter/Info.plist;
				LD_RUNPATH_SEARCH_PATHS = "$(inherited) @executable_path/Frameworks";
				PRODUCT_BUNDLE_IDENTIFIER = martykausas.Twitter;
				PRODUCT_NAME = "$(TARGET_NAME)";
				SWIFT_OBJC_BRIDGING_HEADER = "Twitter-Bridging-Header.h";
				SWIFT_OPTIMIZATION_LEVEL = "-Onone";
			};
			name = Debug;
		};
		BD4572561C66A2C10081C5C2 /* Release */ = {
			isa = XCBuildConfiguration;
			baseConfigurationReference = 808D13401A505976E8F52A0A /* Pods-Twitter.release.xcconfig */;
			buildSettings = {
				ASSETCATALOG_COMPILER_APPICON_NAME = AppIcon;
				CLANG_ENABLE_MODULES = YES;
				INFOPLIST_FILE = Twitter/Info.plist;
				LD_RUNPATH_SEARCH_PATHS = "$(inherited) @executable_path/Frameworks";
				PRODUCT_BUNDLE_IDENTIFIER = martykausas.Twitter;
				PRODUCT_NAME = "$(TARGET_NAME)";
				SWIFT_OBJC_BRIDGING_HEADER = "Twitter-Bridging-Header.h";
			};
			name = Release;
		};
/* End XCBuildConfiguration section */

/* Begin XCConfigurationList section */
		BD45723D1C66A2C10081C5C2 /* Build configuration list for PBXProject "Twitter" */ = {
			isa = XCConfigurationList;
			buildConfigurations = (
				BD4572521C66A2C10081C5C2 /* Debug */,
				BD4572531C66A2C10081C5C2 /* Release */,
			);
			defaultConfigurationIsVisible = 0;
			defaultConfigurationName = Release;
		};
		BD4572541C66A2C10081C5C2 /* Build configuration list for PBXNativeTarget "Twitter" */ = {
			isa = XCConfigurationList;
			buildConfigurations = (
				BD4572551C66A2C10081C5C2 /* Debug */,
				BD4572561C66A2C10081C5C2 /* Release */,
			);
			defaultConfigurationIsVisible = 0;
			defaultConfigurationName = Release;
		};
/* End XCConfigurationList section */
	};
	rootObject = BD45723A1C66A2C10081C5C2 /* Project object */;
}
